{
  "originHash" : "134ef2280586eb88a3a151f9fb32def77bf3a92530907000b9bfd6e81abe192a",
  "pins" : [
    {
      "identity" : "screenmacros",
      "kind" : "remoteSourceControl",
      "location" : "https://github.com/Koshimizu-Takehito/ScreenMacros",
      "state" : {
        "revision" : "b777034d2bd5ebff769080e3927431c4737bebe2",
        "version" : "1.0.0"
      }
    },
    {
      "identity" : "swift-syntax",
      "kind" : "remoteSourceControl",
      "location" : "https://github.com/apple/swift-syntax.git",
      "state" : {
        "revision" : "0687f71944021d616d34d922343dcef086855920",
        "version" : "600.0.1"
      }
    }
  ],
  "version" : 3
}
