// !$*UTF8*$!
{
	archiveVersion = 1;
	classes = {
	};
	objectVersion = 77;
	objects = {

/* Begin PBXBuildFile section */
		3A7277692EDB059400ADD89B /* ScreenMacros in Frameworks */ = {isa = PBXBuildFile; productRef = 3A7277682EDB059400ADD89B /* ScreenMacros */; };
		3ADADC912EDA910A0045D3E7 /* ScreenID.swift in Sources */ = {isa = PBXBuildFile; fileRef = 3ADADC922EDA910A0045D3E7 /* ScreenID.swift */; };
/* End PBXBuildFile section */

/* Begin PBXContainerItemProxy section */
		3A682AA12D8D471100B110AC /* PBXContainerItemProxy */ = {
			isa = PBXContainerItemProxy;
			containerPortal = 3A682A872D8D471000B110AC /* Project object */;
			proxyType = 1;
			remoteGlobalIDString = 3A682A8E2D8D471000B110AC;
			remoteInfo = MyToybox;
		};
		3A682AAB2D8D471100B110AC /* PBXContainerItemProxy */ = {
			isa = PBXContainerItemProxy;
			containerPortal = 3A682A872D8D471000B110AC /* Project object */;
			proxyType = 1;
			remoteGlobalIDString = 3A682A8E2D8D471000B110AC;
			remoteInfo = MyToybox;
		};
/* End PBXContainerItemProxy section */

/* Begin PBXFileReference section */
		3A682A8F2D8D471000B110AC /* MyToybox.app */ = {isa = PBXFileReference; explicitFileType = wrapper.application; includeInIndex = 0; path = MyToybox.app; sourceTree = BUILT_PRODUCTS_DIR; };
		3A682AA02D8D471100B110AC /* MyToyboxTests.xctest */ = {isa = PBXFileReference; explicitFileType = wrapper.cfbundle; includeInIndex = 0; path = MyToyboxTests.xctest; sourceTree = BUILT_PRODUCTS_DIR; };
		3A682AAA2D8D471100B110AC /* MyToyboxUITests.xctest */ = {isa = PBXFileReference; explicitFileType = wrapper.cfbundle; includeInIndex = 0; path = MyToyboxUITests.xctest; sourceTree = BUILT_PRODUCTS_DIR; };
		3ADADC922EDA910A0045D3E7 /* ScreenID.swift */ = {isa = PBXFileReference; lastKnownFileType = sourcecode.swift; path = ScreenID.swift; sourceTree = "<group>"; };
/* End PBXFileReference section */

/* Begin PBXFileSystemSynchronizedBuildFileExceptionSet section */
		3AED71DC2DD072FC00D95672 /* Exceptions for "MyToybox" folder in "MyToybox" target */ = {
			isa = PBXFileSystemSynchronizedBuildFileExceptionSet;
			membershipExceptions = (
				Sources/Generated/ScreenID.swift,
			);
			platformFiltersByRelativePath = {
				Sources/Screens/Screens/ViewcontrollerRepresentable/SampleViewController.xib = (ios, );
			};
			target = 3A682A8E2D8D471000B110AC /* MyToybox */;
		};
/* End PBXFileSystemSynchronizedBuildFileExceptionSet section */

/* Begin PBXFileSystemSynchronizedRootGroup section */
		3A682A912D8D471000B110AC /* MyToybox */ = {
			isa = PBXFileSystemSynchronizedRootGroup;
			exceptions = (
				3AED71DC2DD072FC00D95672 /* Exceptions for "MyToybox" folder in "MyToybox" target */,
			);
			path = MyToybox;
			sourceTree = "<group>";
		};
		3A682AA32D8D471100B110AC /* MyToyboxTests */ = {
			isa = PBXFileSystemSynchronizedRootGroup;
			path = MyToyboxTests;
			sourceTree = "<group>";
		};
		3A682AAD2D8D471100B110AC /* MyToyboxUITests */ = {
			isa = PBXFileSystemSynchronizedRootGroup;
			path = MyToyboxUITests;
			sourceTree = "<group>";
		};
/* End PBXFileSystemSynchronizedRootGroup section */

/* Begin PBXFrameworksBuildPhase section */
		3A682A8C2D8D471000B110AC /* Frameworks */ = {
			isa = PBXFrameworksBuildPhase;
			buildActionMask = 2147483647;
			files = (
				3A7277692EDB059400ADD89B /* ScreenMacros in Frameworks */,
			);
			runOnlyForDeploymentPostprocessing = 0;
		};
		3A682A9D2D8D471100B110AC /* Frameworks */ = {
			isa = PBXFrameworksBuildPhase;
			buildActionMask = 2147483647;
			files = (
			);
			runOnlyForDeploymentPostprocessing = 0;
		};
		3A682AA72D8D471100B110AC /* Frameworks */ = {
			isa = PBXFrameworksBuildPhase;
			buildActionMask = 2147483647;
			files = (
			);
			runOnlyForDeploymentPostprocessing = 0;
		};
/* End PBXFrameworksBuildPhase section */

/* Begin PBXGroup section */
		3A41A9802EDA839200FDE81F /* Frameworks */ = {
			isa = PBXGroup;
			children = (
			);
			name = Frameworks;
			sourceTree = "<group>";
		};
		3A682A862D8D471000B110AC = {
			isa = PBXGroup;
			children = (
				3A682A912D8D471000B110AC /* MyToybox */,
				3ADADC932EDA910A0045D3E7 /* Generated */,
				3A682AA32D8D471100B110AC /* MyToyboxTests */,
				3A682AAD2D8D471100B110AC /* MyToyboxUITests */,
				3A41A9802EDA839200FDE81F /* Frameworks */,
				3A682A902D8D471000B110AC /* Products */,
			);
			sourceTree = "<group>";
		};
		3A682A902D8D471000B110AC /* Products */ = {
			isa = PBXGroup;
			children = (
				3A682A8F2D8D471000B110AC /* MyToybox.app */,
				3A682AA02D8D471100B110AC /* MyToyboxTests.xctest */,
				3A682AAA2D8D471100B110AC /* MyToyboxUITests.xctest */,
			);
			name = Products;
			sourceTree = "<group>";
		};
		3ADADC932EDA910A0045D3E7 /* Generated */ = {
			isa = PBXGroup;
			children = (
				3ADADC922EDA910A0045D3E7 /* ScreenID.swift */,
			);
			name = Generated;
			path = MyToybox/Sources/Generated;
			sourceTree = "<group>";
		};
/* End PBXGroup section */

/* Begin PBXNativeTarget section */
		3A682A8E2D8D471000B110AC /* MyToybox */ = {
			isa = PBXNativeTarget;
			buildConfigurationList = 3A682AB42D8D471100B110AC /* Build configuration list for PBXNativeTarget "MyToybox" */;
			buildPhases = (
				3ADADC902EDA900A0045D3E7 /* Generate ScreenID.swift */,
				3A682A8B2D8D471000B110AC /* Sources */,
				3A682A8C2D8D471000B110AC /* Frameworks */,
				3A682A8D2D8D471000B110AC /* Resources */,
			);
			buildRules = (
			);
			dependencies = (
			);
			fileSystemSynchronizedGroups = (
				3A682A912D8D471000B110AC /* MyToybox */,
			);
			name = MyToybox;
			packageProductDependencies = (
				3A7277682EDB059400ADD89B /* ScreenMacros */,
			);
			productName = MyToybox;
			productReference = 3A682A8F2D8D471000B110AC /* MyToybox.app */;
			productType = "com.apple.product-type.application";
		};
		3A682A9F2D8D471100B110AC /* MyToyboxTests */ = {
			isa = PBXNativeTarget;
			buildConfigurationList = 3A682AB72D8D471100B110AC /* Build configuration list for PBXNativeTarget "MyToyboxTests" */;
			buildPhases = (
				3A682A9C2D8D471100B110AC /* Sources */,
				3A682A9D2D8D471100B110AC /* Frameworks */,
				3A682A9E2D8D471100B110AC /* Resources */,
			);
			buildRules = (
			);
			dependencies = (
				3A682AA22D8D471100B110AC /* PBXTargetDependency */,
			);
			fileSystemSynchronizedGroups = (
				3A682AA32D8D471100B110AC /* MyToyboxTests */,
			);
			name = MyToyboxTests;
			packageProductDependencies = (
			);
			productName = MyToyboxTests;
			productReference = 3A682AA02D8D471100B110AC /* MyToyboxTests.xctest */;
			productType = "com.apple.product-type.bundle.unit-test";
		};
		3A682AA92D8D471100B110AC /* MyToyboxUITests */ = {
			isa = PBXNativeTarget;
			buildConfigurationList = 3A682ABA2D8D471100B110AC /* Build configuration list for PBXNativeTarget "MyToyboxUITests" */;
			buildPhases = (
				3A682AA62D8D471100B110AC /* Sources */,
				3A682AA72D8D471100B110AC /* Frameworks */,
				3A682AA82D8D471100B110AC /* Resources */,
			);
			buildRules = (
			);
			dependencies = (
				3A682AAC2D8D471100B110AC /* PBXTargetDependency */,
			);
			fileSystemSynchronizedGroups = (
				3A682AAD2D8D471100B110AC /* MyToyboxUITests */,
			);
			name = MyToyboxUITests;
			packageProductDependencies = (
			);
			productName = MyToyboxUITests;
			productReference = 3A682AAA2D8D471100B110AC /* MyToyboxUITests.xctest */;
			productType = "com.apple.product-type.bundle.ui-testing";
		};
/* End PBXNativeTarget section */

/* Begin PBXProject section */
		3A682A872D8D471000B110AC /* Project object */ = {
			isa = PBXProject;
			attributes = {
				BuildIndependentTargetsInParallel = 1;
				LastSwiftUpdateCheck = 1620;
				LastUpgradeCheck = 2610;
				TargetAttributes = {
					3A682A8E2D8D471000B110AC = {
						CreatedOnToolsVersion = 16.2;
					};
					3A682A9F2D8D471100B110AC = {
						CreatedOnToolsVersion = 16.2;
						TestTargetID = 3A682A8E2D8D471000B110AC;
					};
					3A682AA92D8D471100B110AC = {
						CreatedOnToolsVersion = 16.2;
						TestTargetID = 3A682A8E2D8D471000B110AC;
					};
				};
			};
			buildConfigurationList = 3A682A8A2D8D471000B110AC /* Build configuration list for PBXProject "MyToybox" */;
			developmentRegion = en;
			hasScannedForEncodings = 0;
			knownRegions = (
				en,
				Base,
			);
			mainGroup = 3A682A862D8D471000B110AC;
			minimizedProjectReferenceProxies = 1;
			packageReferences = (
				3A7277672EDB059400ADD89B /* XCRemoteSwiftPackageReference "ScreenMacros" */,
			);
			preferredProjectObjectVersion = 77;
			productRefGroup = 3A682A902D8D471000B110AC /* Products */;
			projectDirPath = "";
			projectRoot = "";
			targets = (
				3A682A8E2D8D471000B110AC /* MyToybox */,
				3A682A9F2D8D471100B110AC /* MyToyboxTests */,
				3A682AA92D8D471100B110AC /* MyToyboxUITests */,
			);
		};
/* End PBXProject section */

/* Begin PBXResourcesBuildPhase section */
		3A682A8D2D8D471000B110AC /* Resources */ = {
			isa = PBXResourcesBuildPhase;
			buildActionMask = 2147483647;
			files = (
			);
			runOnlyForDeploymentPostprocessing = 0;
		};
		3A682A9E2D8D471100B110AC /* Resources */ = {
			isa = PBXResourcesBuildPhase;
			buildActionMask = 2147483647;
			files = (
			);
			runOnlyForDeploymentPostprocessing = 0;
		};
		3A682AA82D8D471100B110AC /* Resources */ = {
			isa = PBXResourcesBuildPhase;
			buildActionMask = 2147483647;
			files = (
			);
			runOnlyForDeploymentPostprocessing = 0;
		};
/* End PBXResourcesBuildPhase section */

/* Begin PBXShellScriptBuildPhase section */
		3ADADC902EDA900A0045D3E7 /* Generate ScreenID.swift */ = {
			isa = PBXShellScriptBuildPhase;
			alwaysOutOfDate = 1;
			buildActionMask = 2147483647;
			files = (
			);
			inputFileListPaths = (
			);
			inputPaths = (
				"$(SRCROOT)/MyToybox/Resources/Screens.json",
			);
			name = "Generate ScreenID.swift";
			outputFileListPaths = (
			);
			outputPaths = (
				"$(SRCROOT)/MyToybox/Sources/Generated/ScreenID.swift",
			);
			runOnlyForDeploymentPostprocessing = 0;
			shellPath = /bin/sh;
			shellScript = "\"${SRCROOT}/Scripts/generate_screen_id.sh\"\n";
		};
/* End PBXShellScriptBuildPhase section */

/* Begin PBXSourcesBuildPhase section */
		3A682A8B2D8D471000B110AC /* Sources */ = {
			isa = PBXSourcesBuildPhase;
			buildActionMask = 2147483647;
			files = (
				3ADADC912EDA910A0045D3E7 /* ScreenID.swift in Sources */,
			);
			runOnlyForDeploymentPostprocessing = 0;
		};
		3A682A9C2D8D471100B110AC /* Sources */ = {
			isa = PBXSourcesBuildPhase;
			buildActionMask = 2147483647;
			files = (
			);
			runOnlyForDeploymentPostprocessing = 0;
		};
		3A682AA62D8D471100B110AC /* Sources */ = {
			isa = PBXSourcesBuildPhase;
			buildActionMask = 2147483647;
			files = (
			);
			runOnlyForDeploymentPostprocessing = 0;
		};
/* End PBXSourcesBuildPhase section */

/* Begin PBXTargetDependency section */
		3A682AA22D8D471100B110AC /* PBXTargetDependency */ = {
			isa = PBXTargetDependency;
			target = 3A682A8E2D8D471000B110AC /* MyToybox */;
			targetProxy = 3A682AA12D8D471100B110AC /* PBXContainerItemProxy */;
		};
		3A682AAC2D8D471100B110AC /* PBXTargetDependency */ = {
			isa = PBXTargetDependency;
			target = 3A682A8E2D8D471000B110AC /* MyToybox */;
			targetProxy = 3A682AAB2D8D471100B110AC /* PBXContainerItemProxy */;
		};
/* End PBXTargetDependency section */

/* Begin XCBuildConfiguration section */
		3A682AB22D8D471100B110AC /* Debug */ = {
			isa = XCBuildConfiguration;
			buildSettings = {
				ALWAYS_SEARCH_USER_PATHS = NO;
				ASSETCATALOG_COMPILER_GENERATE_SWIFT_ASSET_SYMBOL_EXTENSIONS = YES;
				CLANG_ANALYZER_NONNULL = YES;
				CLANG_ANALYZER_NUMBER_OBJECT_CONVERSION = YES_AGGRESSIVE;
				CLANG_CXX_LANGUAGE_STANDARD = "gnu++20";
				CLANG_ENABLE_MODULES = YES;
				CLANG_ENABLE_OBJC_ARC = YES;
				CLANG_ENABLE_OBJC_WEAK = YES;
				CLANG_WARN_BLOCK_CAPTURE_AUTORELEASING = YES;
				CLANG_WARN_BOOL_CONVERSION = YES;
				CLANG_WARN_COMMA = YES;
				CLANG_WARN_CONSTANT_CONVERSION = YES;
				CLANG_WARN_DEPRECATED_OBJC_IMPLEMENTATIONS = YES;
				CLANG_WARN_DIRECT_OBJC_ISA_USAGE = YES_ERROR;
				CLANG_WARN_DOCUMENTATION_COMMENTS = YES;
				CLANG_WARN_EMPTY_BODY = YES;
				CLANG_WARN_ENUM_CONVERSION = YES;
				CLANG_WARN_INFINITE_RECURSION = YES;
				CLANG_WARN_INT_CONVERSION = YES;
				CLANG_WARN_NON_LITERAL_NULL_CONVERSION = YES;
				CLANG_WARN_OBJC_IMPLICIT_RETAIN_SELF = YES;
				CLANG_WARN_OBJC_LITERAL_CONVERSION = YES;
				CLANG_WARN_OBJC_ROOT_CLASS = YES_ERROR;
				CLANG_WARN_QUOTED_INCLUDE_IN_FRAMEWORK_HEADER = YES;
				CLANG_WARN_RANGE_LOOP_ANALYSIS = YES;
				CLANG_WARN_STRICT_PROTOTYPES = YES;
				CLANG_WARN_SUSPICIOUS_MOVE = YES;
				CLANG_WARN_UNGUARDED_AVAILABILITY = YES_AGGRESSIVE;
				CLANG_WARN_UNREACHABLE_CODE = YES;
				CLANG_WARN__DUPLICATE_METHOD_MATCH = YES;
				COPY_PHASE_STRIP = NO;
				DEAD_CODE_STRIPPING = YES;
				DEBUG_INFORMATION_FORMAT = dwarf;
				DEVELOPMENT_TEAM = L2S68XMK99;
				ENABLE_STRICT_OBJC_MSGSEND = YES;
				ENABLE_TESTABILITY = YES;
				ENABLE_USER_SCRIPT_SANDBOXING = NO;
				GCC_C_LANGUAGE_STANDARD = gnu17;
				GCC_DYNAMIC_NO_PIC = NO;
				GCC_NO_COMMON_BLOCKS = YES;
				GCC_OPTIMIZATION_LEVEL = 0;
				GCC_PREPROCESSOR_DEFINITIONS = (
					"DEBUG=1",
					"$(inherited)",
				);
				GCC_WARN_64_TO_32_BIT_CONVERSION = YES;
				GCC_WARN_ABOUT_RETURN_TYPE = YES_ERROR;
				GCC_WARN_UNDECLARED_SELECTOR = YES;
				GCC_WARN_UNINITIALIZED_AUTOS = YES_AGGRESSIVE;
				GCC_WARN_UNUSED_FUNCTION = YES;
				GCC_WARN_UNUSED_VARIABLE = YES;
				LOCALIZATION_PREFERS_STRING_CATALOGS = YES;
				MTL_ENABLE_DEBUG_INFO = INCLUDE_SOURCE;
				MTL_FAST_MATH = YES;
				ONLY_ACTIVE_ARCH = YES;
				STRING_CATALOG_GENERATE_SYMBOLS = YES;
				SWIFT_ACTIVE_COMPILATION_CONDITIONS = "DEBUG $(inherited)";
				SWIFT_DEFAULT_ACTOR_ISOLATION = nonisolated;
				SWIFT_OPTIMIZATION_LEVEL = "-Onone";
				SWIFT_UPCOMING_FEATURE_EXISTENTIAL_ANY = YES;
				SWIFT_UPCOMING_FEATURE_NONISOLATED_NONSENDING_BY_DEFAULT = YES;
				SWIFT_VERSION = 6.0;
			};
			name = Debug;
		};
		3A682AB32D8D471100B110AC /* Release */ = {
			isa = XCBuildConfiguration;
			buildSettings = {
				ALWAYS_SEARCH_USER_PATHS = NO;
				ASSETCATALOG_COMPILER_GENERATE_SWIFT_ASSET_SYMBOL_EXTENSIONS = YES;
				CLANG_ANALYZER_NONNULL = YES;
				CLANG_ANALYZER_NUMBER_OBJECT_CONVERSION = YES_AGGRESSIVE;
				CLANG_CXX_LANGUAGE_STANDARD = "gnu++20";
				CLANG_ENABLE_MODULES = YES;
				CLANG_ENABLE_OBJC_ARC = YES;
				CLANG_ENABLE_OBJC_WEAK = YES;
				CLANG_WARN_BLOCK_CAPTURE_AUTORELEASING = YES;
				CLANG_WARN_BOOL_CONVERSION = YES;
				CLANG_WARN_COMMA = YES;
				CLANG_WARN_CONSTANT_CONVERSION = YES;
				CLANG_WARN_DEPRECATED_OBJC_IMPLEMENTATIONS = YES;
				CLANG_WARN_DIRECT_OBJC_ISA_USAGE = YES_ERROR;
				CLANG_WARN_DOCUMENTATION_COMMENTS = YES;
				CLANG_WARN_EMPTY_BODY = YES;
				CLANG_WARN_ENUM_CONVERSION = YES;
				CLANG_WARN_INFINITE_RECURSION = YES;
				CLANG_WARN_INT_CONVERSION = YES;
				CLANG_WARN_NON_LITERAL_NULL_CONVERSION = YES;
				CLANG_WARN_OBJC_IMPLICIT_RETAIN_SELF = YES;
				CLANG_WARN_OBJC_LITERAL_CONVERSION = YES;
				CLANG_WARN_OBJC_ROOT_CLASS = YES_ERROR;
				CLANG_WARN_QUOTED_INCLUDE_IN_FRAMEWORK_HEADER = YES;
				CLANG_WARN_RANGE_LOOP_ANALYSIS = YES;
				CLANG_WARN_STRICT_PROTOTYPES = YES;
				CLANG_WARN_SUSPICIOUS_MOVE = YES;
				CLANG_WARN_UNGUARDED_AVAILABILITY = YES_AGGRESSIVE;
				CLANG_WARN_UNREACHABLE_CODE = YES;
				CLANG_WARN__DUPLICATE_METHOD_MATCH = YES;
				COPY_PHASE_STRIP = NO;
				DEAD_CODE_STRIPPING = YES;
				DEBUG_INFORMATION_FORMAT = "dwarf-with-dsym";
				DEVELOPMENT_TEAM = L2S68XMK99;
				ENABLE_NS_ASSERTIONS = NO;
				ENABLE_STRICT_OBJC_MSGSEND = YES;
				ENABLE_USER_SCRIPT_SANDBOXING = NO;
				GCC_C_LANGUAGE_STANDARD = gnu17;
				GCC_NO_COMMON_BLOCKS = YES;
				GCC_WARN_64_TO_32_BIT_CONVERSION = YES;
				GCC_WARN_ABOUT_RETURN_TYPE = YES_ERROR;
				GCC_WARN_UNDECLARED_SELECTOR = YES;
				GCC_WARN_UNINITIALIZED_AUTOS = YES_AGGRESSIVE;
				GCC_WARN_UNUSED_FUNCTION = YES;
				GCC_WARN_UNUSED_VARIABLE = YES;
				LOCALIZATION_PREFERS_STRING_CATALOGS = YES;
				MTL_ENABLE_DEBUG_INFO = NO;
				MTL_FAST_MATH = YES;
				STRING_CATALOG_GENERATE_SYMBOLS = YES;
				SWIFT_COMPILATION_MODE = wholemodule;
				SWIFT_DEFAULT_ACTOR_ISOLATION = nonisolated;
				SWIFT_UPCOMING_FEATURE_EXISTENTIAL_ANY = YES;
				SWIFT_UPCOMING_FEATURE_NONISOLATED_NONSENDING_BY_DEFAULT = YES;
				SWIFT_VERSION = 6.0;
			};
			name = Release;
		};
		3A682AB52D8D471100B110AC /* Debug */ = {
			isa = XCBuildConfiguration;
			buildSettings = {
				ASSETCATALOG_COMPILER_APPICON_NAME = AppIcon;
				ASSETCATALOG_COMPILER_GLOBAL_ACCENT_COLOR_NAME = AccentColor;
				CODE_SIGN_ENTITLEMENTS = MyToybox/Resources/MyToybox.entitlements;
				CODE_SIGN_STYLE = Automatic;
				CURRENT_PROJECT_VERSION = 1;
				DEAD_CODE_STRIPPING = YES;
				DEVELOPMENT_ASSET_PATHS = "\"MyToybox/Preview Content\"";
				ENABLE_APP_SANDBOX = YES;
				ENABLE_HARDENED_RUNTIME = YES;
				ENABLE_PREVIEWS = YES;
				ENABLE_USER_SELECTED_FILES = readonly;
				GENERATE_INFOPLIST_FILE = YES;
				"INFOPLIST_KEY_UIApplicationSceneManifest_Generation[sdk=iphoneos*]" = YES;
				"INFOPLIST_KEY_UIApplicationSceneManifest_Generation[sdk=iphonesimulator*]" = YES;
				"INFOPLIST_KEY_UIApplicationSupportsIndirectInputEvents[sdk=iphoneos*]" = YES;
				"INFOPLIST_KEY_UIApplicationSupportsIndirectInputEvents[sdk=iphonesimulator*]" = YES;
				"INFOPLIST_KEY_UILaunchScreen_Generation[sdk=iphoneos*]" = YES;
				"INFOPLIST_KEY_UILaunchScreen_Generation[sdk=iphonesimulator*]" = YES;
				"INFOPLIST_KEY_UIStatusBarStyle[sdk=iphoneos*]" = UIStatusBarStyleDefault;
				"INFOPLIST_KEY_UIStatusBarStyle[sdk=iphonesimulator*]" = UIStatusBarStyleDefault;
				INFOPLIST_KEY_UISupportedInterfaceOrientations_iPad = "UIInterfaceOrientationPortrait UIInterfaceOrientationPortraitUpsideDown UIInterfaceOrientationLandscapeLeft UIInterfaceOrientationLandscapeRight";
				INFOPLIST_KEY_UISupportedInterfaceOrientations_iPhone = "UIInterfaceOrientationPortrait UIInterfaceOrientationLandscapeLeft UIInterfaceOrientationLandscapeRight";
				IPHONEOS_DEPLOYMENT_TARGET = 18.2;
				LD_RUNPATH_SEARCH_PATHS = "@executable_path/Frameworks";
				"LD_RUNPATH_SEARCH_PATHS[sdk=macosx*]" = "@executable_path/../Frameworks";
				MACOSX_DEPLOYMENT_TARGET = 15.0;
				MARKETING_VERSION = 1.0;
				PRODUCT_BUNDLE_IDENTIFIER = com.takehito.koshimizu.MyToybox;
				PRODUCT_NAME = "$(TARGET_NAME)";
				SDKROOT = auto;
				SUPPORTED_PLATFORMS = "iphoneos iphonesimulator macosx xros xrsimulator";
				SWIFT_EMIT_LOC_STRINGS = YES;
				TARGETED_DEVICE_FAMILY = "1,2,7";
				XROS_DEPLOYMENT_TARGET = 2.2;
			};
			name = Debug;
		};
		3A682AB62D8D471100B110AC /* Release */ = {
			isa = XCBuildConfiguration;
			buildSettings = {
				ASSETCATALOG_COMPILER_APPICON_NAME = AppIcon;
				ASSETCATALOG_COMPILER_GLOBAL_ACCENT_COLOR_NAME = AccentColor;
				CODE_SIGN_ENTITLEMENTS = MyToybox/Resources/MyToybox.entitlements;
				CODE_SIGN_STYLE = Automatic;
				CURRENT_PROJECT_VERSION = 1;
				DEAD_CODE_STRIPPING = YES;
				DEVELOPMENT_ASSET_PATHS = "\"MyToybox/Preview Content\"";
				ENABLE_APP_SANDBOX = YES;
				ENABLE_HARDENED_RUNTIME = YES;
				ENABLE_PREVIEWS = YES;
				ENABLE_USER_SELECTED_FILES = readonly;
				GENERATE_INFOPLIST_FILE = YES;
				"INFOPLIST_KEY_UIApplicationSceneManifest_Generation[sdk=iphoneos*]" = YES;
				"INFOPLIST_KEY_UIApplicationSceneManifest_Generation[sdk=iphonesimulator*]" = YES;
				"INFOPLIST_KEY_UIApplicationSupportsIndirectInputEvents[sdk=iphoneos*]" = YES;
				"INFOPLIST_KEY_UIApplicationSupportsIndirectInputEvents[sdk=iphonesimulator*]" = YES;
				"INFOPLIST_KEY_UILaunchScreen_Generation[sdk=iphoneos*]" = YES;
				"INFOPLIST_KEY_UILaunchScreen_Generation[sdk=iphonesimulator*]" = YES;
				"INFOPLIST_KEY_UIStatusBarStyle[sdk=iphoneos*]" = UIStatusBarStyleDefault;
				"INFOPLIST_KEY_UIStatusBarStyle[sdk=iphonesimulator*]" = UIStatusBarStyleDefault;
				INFOPLIST_KEY_UISupportedInterfaceOrientations_iPad = "UIInterfaceOrientationPortrait UIInterfaceOrientationPortraitUpsideDown UIInterfaceOrientationLandscapeLeft UIInterfaceOrientationLandscapeRight";
				INFOPLIST_KEY_UISupportedInterfaceOrientations_iPhone = "UIInterfaceOrientationPortrait UIInterfaceOrientationLandscapeLeft UIInterfaceOrientationLandscapeRight";
				IPHONEOS_DEPLOYMENT_TARGET = 18.2;
				LD_RUNPATH_SEARCH_PATHS = "@executable_path/Frameworks";
				"LD_RUNPATH_SEARCH_PATHS[sdk=macosx*]" = "@executable_path/../Frameworks";
				MACOSX_DEPLOYMENT_TARGET = 15.0;
				MARKETING_VERSION = 1.0;
				PRODUCT_BUNDLE_IDENTIFIER = com.takehito.koshimizu.MyToybox;
				PRODUCT_NAME = "$(TARGET_NAME)";
				SDKROOT = auto;
				SUPPORTED_PLATFORMS = "iphoneos iphonesimulator macosx xros xrsimulator";
				SWIFT_EMIT_LOC_STRINGS = YES;
				TARGETED_DEVICE_FAMILY = "1,2,7";
				XROS_DEPLOYMENT_TARGET = 2.2;
			};
			name = Release;
		};
		3A682AB82D8D471100B110AC /* Debug */ = {
			isa = XCBuildConfiguration;
			buildSettings = {
				BUNDLE_LOADER = "$(TEST_HOST)";
				CODE_SIGN_STYLE = Automatic;
				CURRENT_PROJECT_VERSION = 1;
				DEAD_CODE_STRIPPING = YES;
				GENERATE_INFOPLIST_FILE = YES;
				IPHONEOS_DEPLOYMENT_TARGET = 18.2;
				MACOSX_DEPLOYMENT_TARGET = 14.6;
				MARKETING_VERSION = 1.0;
				PRODUCT_BUNDLE_IDENTIFIER = com.sample.takehito.koshimizu.MyToyboxTests;
				PRODUCT_NAME = "$(TARGET_NAME)";
				SDKROOT = auto;
				SUPPORTED_PLATFORMS = "iphoneos iphonesimulator macosx xros xrsimulator";
				SWIFT_EMIT_LOC_STRINGS = NO;
				TARGETED_DEVICE_FAMILY = "1,2,7";
				TEST_HOST = "$(BUILT_PRODUCTS_DIR)/MyToybox.app/$(BUNDLE_EXECUTABLE_FOLDER_PATH)/MyToybox";
				XROS_DEPLOYMENT_TARGET = 2.2;
			};
			name = Debug;
		};
		3A682AB92D8D471100B110AC /* Release */ = {
			isa = XCBuildConfiguration;
			buildSettings = {
				BUNDLE_LOADER = "$(TEST_HOST)";
				CODE_SIGN_STYLE = Automatic;
				CURRENT_PROJECT_VERSION = 1;
				DEAD_CODE_STRIPPING = YES;
				GENERATE_INFOPLIST_FILE = YES;
				IPHONEOS_DEPLOYMENT_TARGET = 18.2;
				MACOSX_DEPLOYMENT_TARGET = 14.6;
				MARKETING_VERSION = 1.0;
				PRODUCT_BUNDLE_IDENTIFIER = com.sample.takehito.koshimizu.MyToyboxTests;
				PRODUCT_NAME = "$(TARGET_NAME)";
				SDKROOT = auto;
				SUPPORTED_PLATFORMS = "iphoneos iphonesimulator macosx xros xrsimulator";
				SWIFT_EMIT_LOC_STRINGS = NO;
				TARGETED_DEVICE_FAMILY = "1,2,7";
				TEST_HOST = "$(BUILT_PRODUCTS_DIR)/MyToybox.app/$(BUNDLE_EXECUTABLE_FOLDER_PATH)/MyToybox";
				XROS_DEPLOYMENT_TARGET = 2.2;
			};
			name = Release;
		};
		3A682ABB2D8D471100B110AC /* Debug */ = {
			isa = XCBuildConfiguration;
			buildSettings = {
				CODE_SIGN_STYLE = Automatic;
				CURRENT_PROJECT_VERSION = 1;
				DEAD_CODE_STRIPPING = YES;
				GENERATE_INFOPLIST_FILE = YES;
				IPHONEOS_DEPLOYMENT_TARGET = 18.2;
				MACOSX_DEPLOYMENT_TARGET = 14.6;
				MARKETING_VERSION = 1.0;
				PRODUCT_BUNDLE_IDENTIFIER = com.sample.takehito.koshimizu.MyToyboxUITests;
				PRODUCT_NAME = "$(TARGET_NAME)";
				SDKROOT = auto;
				SUPPORTED_PLATFORMS = "iphoneos iphonesimulator macosx xros xrsimulator";
				SWIFT_EMIT_LOC_STRINGS = NO;
				TARGETED_DEVICE_FAMILY = "1,2,7";
				TEST_TARGET_NAME = MyToybox;
				XROS_DEPLOYMENT_TARGET = 2.2;
			};
			name = Debug;
		};
		3A682ABC2D8D471100B110AC /* Release */ = {
			isa = XCBuildConfiguration;
			buildSettings = {
				CODE_SIGN_STYLE = Automatic;
				CURRENT_PROJECT_VERSION = 1;
				DEAD_CODE_STRIPPING = YES;
				GENERATE_INFOPLIST_FILE = YES;
				IPHONEOS_DEPLOYMENT_TARGET = 18.2;
				MACOSX_DEPLOYMENT_TARGET = 14.6;
				MARKETING_VERSION = 1.0;
				PRODUCT_BUNDLE_IDENTIFIER = com.sample.takehito.koshimizu.MyToyboxUITests;
				PRODUCT_NAME = "$(TARGET_NAME)";
				SDKROOT = auto;
				SUPPORTED_PLATFORMS = "iphoneos iphonesimulator macosx xros xrsimulator";
				SWIFT_EMIT_LOC_STRINGS = NO;
				TARGETED_DEVICE_FAMILY = "1,2,7";
				TEST_TARGET_NAME = MyToybox;
				XROS_DEPLOYMENT_TARGET = 2.2;
			};
			name = Release;
		};
/* End XCBuildConfiguration section */

/* Begin XCConfigurationList section */
		3A682A8A2D8D471000B110AC /* Build configuration list for PBXProject "MyToybox" */ = {
			isa = XCConfigurationList;
			buildConfigurations = (
				3A682AB22D8D471100B110AC /* Debug */,
				3A682AB32D8D471100B110AC /* Release */,
			);
			defaultConfigurationIsVisible = 0;
			defaultConfigurationName = Release;
		};
		3A682AB42D8D471100B110AC /* Build configuration list for PBXNativeTarget "MyToybox" */ = {
			isa = XCConfigurationList;
			buildConfigurations = (
				3A682AB52D8D471100B110AC /* Debug */,
				3A682AB62D8D471100B110AC /* Release */,
			);
			defaultConfigurationIsVisible = 0;
			defaultConfigurationName = Release;
		};
		3A682AB72D8D471100B110AC /* Build configuration list for PBXNativeTarget "MyToyboxTests" */ = {
			isa = XCConfigurationList;
			buildConfigurations = (
				3A682AB82D8D471100B110AC /* Debug */,
				3A682AB92D8D471100B110AC /* Release */,
			);
			defaultConfigurationIsVisible = 0;
			defaultConfigurationName = Release;
		};
		3A682ABA2D8D471100B110AC /* Build configuration list for PBXNativeTarget "MyToyboxUITests" */ = {
			isa = XCConfigurationList;
			buildConfigurations = (
				3A682ABB2D8D471100B110AC /* Debug */,
				3A682ABC2D8D471100B110AC /* Release */,
			);
			defaultConfigurationIsVisible = 0;
			defaultConfigurationName = Release;
		};
/* End XCConfigurationList section */

/* Begin XCRemoteSwiftPackageReference section */
		3A7277672EDB059400ADD89B /* XCRemoteSwiftPackageReference "ScreenMacros" */ = {
			isa = XCRemoteSwiftPackageReference;
			repositoryURL = "https://github.com/Koshimizu-Takehito/ScreenMacros";
			requirement = {
				kind = versionRange;
				maximumVersion = 2.0.0;
				minimumVersion = 1.0.0;
			};
		};
/* End XCRemoteSwiftPackageReference section */

/* Begin XCSwiftPackageProductDependency section */
		3A7277682EDB059400ADD89B /* ScreenMacros */ = {
			isa = XCSwiftPackageProductDependency;
			package = 3A7277672EDB059400ADD89B /* XCRemoteSwiftPackageReference "ScreenMacros" */;
			productName = ScreenMacros;
		};
/* End XCSwiftPackageProductDependency section */
	};
	rootObject = 3A682A872D8D471000B110AC /* Project object */;
}
