{
  "originHash" : "96fe15187946d8c8005ec531095341fcc076a6f02382c66b48b03f0e2bb3fbe4",
  "pins" : [
    {
      "identity" : "screenmacros",
      "kind" : "remoteSourceControl",
      "location" : "https://github.com/Koshimizu-Takehito/ScreenMacros",
      "state" : {
        "revision" : "06999e80719e4481470e375c1afde4c5741f7d6a",
        "version" : "1.0.4"
      }
    },
    {
      "identity" : "swift-syntax",
      "kind" : "remoteSourceControl",
      "location" : "https://github.com/apple/swift-syntax.git",
      "state" : {
        "revision" : "0687f71944021d616d34d922343dcef086855920",
        "version" : "600.0.1"
      }
    }
  ],
  "version" : 3
}
