{
  "originHash" : "8cee65f9d8cd127cf9a9ec585a8bf8f703ebfd87f5c7b052e76c88f5b4e81a57",
  "pins" : [
    {
      "identity" : "screenmacros",
      "kind" : "remoteSourceControl",
      "location" : "https://github.com/Koshimizu-Takehito/ScreenMacros",
      "state" : {
        "revision" : "e5898b1051037ad88eec0b35ec068f384516e639",
        "version" : "1.0.7"
      }
    },
    {
      "identity" : "swift-syntax",
      "kind" : "remoteSourceControl",
      "location" : "https://github.com/apple/swift-syntax.git",
      "state" : {
        "revision" : "4799286537280063c85a32f09884cfbca301b1a1",
        "version" : "602.0.0"
      }
    }
  ],
  "version" : 3
}
